// !$*UTF8*$!
{
	archiveVersion = 1;
	classes = {
	};
	objectVersion = 56;
	objects = {

/* Begin PBXBuildFile section */
		D20E9D7E281F43B500957AC3 /* PhotosPickerExampleApp.swift in Sources */ = {isa = PBXBuildFile; fileRef = D20E9D7D281F43B500957AC3 /* PhotosPickerExampleApp.swift */; };
		D20E9D80281F43B500957AC3 /* Profile.swift in Sources */ = {isa = PBXBuildFile; fileRef = D20E9D7F281F43B500957AC3 /* Profile.swift */; };
		D20E9D82281F43B600957AC3 /* Assets.xcassets in Resources */ = {isa = PBXBuildFile; fileRef = D20E9D81281F43B600957AC3 /* Assets.xcassets */; };
		D20E9D8F281FC1D500957AC3 /* ProfileModel.swift in Sources */ = {isa = PBXBuildFile; fileRef = D20E9D8E281FC1D500957AC3 /* ProfileModel.swift */; };
		E55A9E9F2BCEADFF00C880D6 /* PhotosPickerDemoUITests.swift in Sources */ = {isa = PBXBuildFile; fileRef = E55A9E9E2BCEADFF00C880D6 /* PhotosPickerDemoUITests.swift */; };
		E55A9EA12BCEADFF00C880D6 /* PhotosPickerDemoUITestsLaunchTests.swift in Sources */ = {isa = PBXBuildFile; fileRef = E55A9EA02BCEADFF00C880D6 /* PhotosPickerDemoUITestsLaunchTests.swift */; };
		E594DB5C2C40889F0004E9AF /* AddTestForPlan.swift in Sources */ = {isa = PBXBuildFile; fileRef = E594DB5B2C40889F0004E9AF /* AddTestForPlan.swift */; };
		F094D761287E0DB9007F2E34 /* ProfileImage.swift in Sources */ = {isa = PBXBuildFile; fileRef = F094D760287E0DB9007F2E34 /* ProfileImage.swift */; };
		F094D7632885AE43007F2E34 /* README.md in Resources */ = {isa = PBXBuildFile; fileRef = F094D7622885AE43007F2E34 /* README.md */; };
/* End PBXBuildFile section */

/* Begin PBXContainerItemProxy section */
		E55A9EA22BCEADFF00C880D6 /* PBXContainerItemProxy */ = {
			isa = PBXContainerItemProxy;
			containerPortal = D20E9D72281F43B500957AC3 /* Project object */;
			proxyType = 1;
			remoteGlobalIDString = D20E9D79281F43B500957AC3;
			remoteInfo = PhotosPickerDemo;
		};
/* End PBXContainerItemProxy section */

/* Begin PBXFileReference section */
		9461C499DE4C57F3DE71DB16 /* LICENSE.txt */ = {isa = PBXFileReference; includeInIndex = 1; lastKnownFileType = text; path = LICENSE.txt; sourceTree = "<group>"; };
		D20E9D7A281F43B500957AC3 /* PhotosPickerDemo.app */ = {isa = PBXFileReference; explicitFileType = wrapper.application; includeInIndex = 0; path = PhotosPickerDemo.app; sourceTree = BUILT_PRODUCTS_DIR; };
		D20E9D7D281F43B500957AC3 /* PhotosPickerExampleApp.swift */ = {isa = PBXFileReference; lastKnownFileType = sourcecode.swift; path = PhotosPickerExampleApp.swift; sourceTree = "<group>"; };
		D20E9D7F281F43B500957AC3 /* Profile.swift */ = {isa = PBXFileReference; lastKnownFileType = sourcecode.swift; path = Profile.swift; sourceTree = "<group>"; };
		D20E9D81281F43B600957AC3 /* Assets.xcassets */ = {isa = PBXFileReference; lastKnownFileType = folder.assetcatalog; path = Assets.xcassets; sourceTree = "<group>"; };
		D20E9D83281F43B600957AC3 /* PhotosPickerDemo.entitlements */ = {isa = PBXFileReference; lastKnownFileType = text.plist.entitlements; path = PhotosPickerDemo.entitlements; sourceTree = "<group>"; };
		D20E9D8E281FC1D500957AC3 /* ProfileModel.swift */ = {isa = PBXFileReference; lastKnownFileType = sourcecode.swift; path = ProfileModel.swift; sourceTree = "<group>"; };
		E55A9E9C2BCEADFF00C880D6 /* PhotosPickerDemoUITests.xctest */ = {isa = PBXFileReference; explicitFileType = wrapper.cfbundle; includeInIndex = 0; path = PhotosPickerDemoUITests.xctest; sourceTree = BUILT_PRODUCTS_DIR; };
		E55A9E9E2BCEADFF00C880D6 /* PhotosPickerDemoUITests.swift */ = {isa = PBXFileReference; lastKnownFileType = sourcecode.swift; path = PhotosPickerDemoUITests.swift; sourceTree = "<group>"; };
		E55A9EA02BCEADFF00C880D6 /* PhotosPickerDemoUITestsLaunchTests.swift */ = {isa = PBXFileReference; lastKnownFileType = sourcecode.swift; path = PhotosPickerDemoUITestsLaunchTests.swift; sourceTree = "<group>"; };
		E594DB5B2C40889F0004E9AF /* AddTestForPlan.swift */ = {isa = PBXFileReference; lastKnownFileType = sourcecode.swift; path = AddTestForPlan.swift; sourceTree = "<group>"; };
		E594DB5D2C408C660004E9AF /* TestPlan.xctestplan */ = {isa = PBXFileReference; lastKnownFileType = text; path = TestPlan.xctestplan; sourceTree = "<group>"; };
		E594DB5E2C408CBB0004E9AF /* OldPlan.xctestplan */ = {isa = PBXFileReference; lastKnownFileType = text; path = OldPlan.xctestplan; sourceTree = "<group>"; };
		E964DB7DCC0E3B0B56B5DD56 /* SampleCode.xcconfig */ = {isa = PBXFileReference; lastKnownFileType = text.xcconfig; name = SampleCode.xcconfig; path = Configuration/SampleCode.xcconfig; sourceTree = "<group>"; };
		F094D760287E0DB9007F2E34 /* ProfileImage.swift */ = {isa = PBXFileReference; lastKnownFileType = sourcecode.swift; path = ProfileImage.swift; sourceTree = "<group>"; };
		F094D7622885AE43007F2E34 /* README.md */ = {isa = PBXFileReference; fileEncoding = 4; lastKnownFileType = net.daringfireball.markdown; path = README.md; sourceTree = "<group>"; };
/* End PBXFileReference section */

/* Begin PBXFrameworksBuildPhase section */
		D20E9D77281F43B500957AC3 /* Frameworks */ = {
			isa = PBXFrameworksBuildPhase;
			buildActionMask = 2147483647;
			files = (
			);
			runOnlyForDeploymentPostprocessing = 0;
		};
		E55A9E992BCEADFF00C880D6 /* Frameworks */ = {
			isa = PBXFrameworksBuildPhase;
			buildActionMask = 2147483647;
			files = (
			);
			runOnlyForDeploymentPostprocessing = 0;
		};
/* End PBXFrameworksBuildPhase section */

/* Begin PBXGroup section */
		688DE6C2E3CBDAFAB2A6A552 /* Configuration */ = {
			isa = PBXGroup;
			children = (
				E964DB7DCC0E3B0B56B5DD56 /* SampleCode.xcconfig */,
			);
			name = Configuration;
			sourceTree = "<group>";
		};
		BE8220640885AB3C76734044 /* LICENSE */ = {
			isa = PBXGroup;
			children = (
				9461C499DE4C57F3DE71DB16 /* LICENSE.txt */,
			);
			path = LICENSE;
			sourceTree = "<group>";
		};
		D20E9D71281F43B500957AC3 = {
			isa = PBXGroup;
			children = (
				F094D7622885AE43007F2E34 /* README.md */,
				D20E9D7C281F43B500957AC3 /* PhotosPickerDemo */,
				E55A9E9D2BCEADFF00C880D6 /* PhotosPickerDemoUITests */,
				D20E9D7B281F43B500957AC3 /* Products */,
				688DE6C2E3CBDAFAB2A6A552 /* Configuration */,
				BE8220640885AB3C76734044 /* LICENSE */,
			);
			sourceTree = "<group>";
		};
		D20E9D7B281F43B500957AC3 /* Products */ = {
			isa = PBXGroup;
			children = (
				D20E9D7A281F43B500957AC3 /* PhotosPickerDemo.app */,
				E55A9E9C2BCEADFF00C880D6 /* PhotosPickerDemoUITests.xctest */,
			);
			name = Products;
			sourceTree = "<group>";
		};
		D20E9D7C281F43B500957AC3 /* PhotosPickerDemo */ = {
			isa = PBXGroup;
			children = (
				D20E9D7D281F43B500957AC3 /* PhotosPickerExampleApp.swift */,
				D20E9D7F281F43B500957AC3 /* Profile.swift */,
				F094D760287E0DB9007F2E34 /* ProfileImage.swift */,
				D20E9D8E281FC1D500957AC3 /* ProfileModel.swift */,
				D2306126281FCF1D00EBAE1F /* Supporting Files */,
			);
			path = PhotosPickerDemo;
			sourceTree = "<group>";
		};
		D2306126281FCF1D00EBAE1F /* Supporting Files */ = {
			isa = PBXGroup;
			children = (
				D20E9D81281F43B600957AC3 /* Assets.xcassets */,
				D20E9D83281F43B600957AC3 /* PhotosPickerDemo.entitlements */,
			);
			path = "Supporting Files";
			sourceTree = "<group>";
		};
		E55A9E9D2BCEADFF00C880D6 /* PhotosPickerDemoUITests */ = {
			isa = PBXGroup;
			children = (
				E55A9E9E2BCEADFF00C880D6 /* PhotosPickerDemoUITests.swift */,
				E594DB5B2C40889F0004E9AF /* AddTestForPlan.swift */,
				E594DB5D2C408C660004E9AF /* TestPlan.xctestplan */,
				E594DB5E2C408CBB0004E9AF /* OldPlan.xctestplan */,
				E55A9EA02BCEADFF00C880D6 /* PhotosPickerDemoUITestsLaunchTests.swift */,
			);
			path = PhotosPickerDemoUITests;
			sourceTree = "<group>";
		};
/* End PBXGroup section */

/* Begin PBXNativeTarget section */
		D20E9D79281F43B500957AC3 /* PhotosPickerDemo */ = {
			isa = PBXNativeTarget;
			buildConfigurationList = D20E9D89281F43B600957AC3 /* Build configuration list for PBXNativeTarget "PhotosPickerDemo" */;
			buildPhases = (
				D20E9D76281F43B500957AC3 /* Sources */,
				D20E9D77281F43B500957AC3 /* Frameworks */,
				D20E9D78281F43B500957AC3 /* Resources */,
			);
			buildRules = (
			);
			dependencies = (
			);
			name = PhotosPickerDemo;
			productName = PhotosPickerDemo;
			productReference = D20E9D7A281F43B500957AC3 /* PhotosPickerDemo.app */;
			productType = "com.apple.product-type.application";
		};
		E55A9E9B2BCEADFF00C880D6 /* PhotosPickerDemoUITests */ = {
			isa = PBXNativeTarget;
			buildConfigurationList = E55A9EA62BCEADFF00C880D6 /* Build configuration list for PBXNativeTarget "PhotosPickerDemoUITests" */;
			buildPhases = (
				E55A9E982BCEADFF00C880D6 /* Sources */,
				E55A9E992BCEADFF00C880D6 /* Frameworks */,
				E55A9E9A2BCEADFF00C880D6 /* Resources */,
			);
			buildRules = (
			);
			dependencies = (
				E55A9EA32BCEADFF00C880D6 /* PBXTargetDependency */,
			);
			name = PhotosPickerDemoUITests;
			productName = PhotosPickerDemoUITests;
			productReference = E55A9E9C2BCEADFF00C880D6 /* PhotosPickerDemoUITests.xctest */;
			productType = "com.apple.product-type.bundle.ui-testing";
		};
/* End PBXNativeTarget section */

/* Begin PBXProject section */
		D20E9D72281F43B500957AC3 /* Project object */ = {
			isa = PBXProject;
			attributes = {
				BuildIndependentTargetsInParallel = 1;
				DefaultBuildSystemTypeForWorkspace = Latest;
				LastSwiftUpdateCheck = 1530;
				LastUpgradeCheck = 1400;
				ORGANIZATIONNAME = Apple;
				TargetAttributes = {
					D20E9D79281F43B500957AC3 = {
						CreatedOnToolsVersion = 14.0;
					};
					E55A9E9B2BCEADFF00C880D6 = {
						CreatedOnToolsVersion = 15.3;
						TestTargetID = D20E9D79281F43B500957AC3;
					};
				};
			};
			buildConfigurationList = D20E9D75281F43B500957AC3 /* Build configuration list for PBXProject "PhotosPickerDemo" */;
			compatibilityVersion = "Xcode 14.0";
			developmentRegion = en;
			hasScannedForEncodings = 0;
			knownRegions = (
				en,
				Base,
			);
			mainGroup = D20E9D71281F43B500957AC3;
			productRefGroup = D20E9D7B281F43B500957AC3 /* Products */;
			projectDirPath = "";
			projectRoot = "";
			targets = (
				D20E9D79281F43B500957AC3 /* PhotosPickerDemo */,
				E55A9E9B2BCEADFF00C880D6 /* PhotosPickerDemoUITests */,
			);
		};
/* End PBXProject section */

/* Begin PBXResourcesBuildPhase section */
		D20E9D78281F43B500957AC3 /* Resources */ = {
			isa = PBXResourcesBuildPhase;
			buildActionMask = 2147483647;
			files = (
				F094D7632885AE43007F2E34 /* README.md in Resources */,
				D20E9D82281F43B600957AC3 /* Assets.xcassets in Resources */,
			);
			runOnlyForDeploymentPostprocessing = 0;
		};
		E55A9E9A2BCEADFF00C880D6 /* Resources */ = {
			isa = PBXResourcesBuildPhase;
			buildActionMask = 2147483647;
			files = (
			);
			runOnlyForDeploymentPostprocessing = 0;
		};
/* End PBXResourcesBuildPhase section */

/* Begin PBXSourcesBuildPhase section */
		D20E9D76281F43B500957AC3 /* Sources */ = {
			isa = PBXSourcesBuildPhase;
			buildActionMask = 2147483647;
			files = (
				D20E9D80281F43B500957AC3 /* Profile.swift in Sources */,
				F094D761287E0DB9007F2E34 /* ProfileImage.swift in Sources */,
				D20E9D7E281F43B500957AC3 /* PhotosPickerExampleApp.swift in Sources */,
				D20E9D8F281FC1D500957AC3 /* ProfileModel.swift in Sources */,
			);
			runOnlyForDeploymentPostprocessing = 0;
		};
		E55A9E982BCEADFF00C880D6 /* Sources */ = {
			isa = PBXSourcesBuildPhase;
			buildActionMask = 2147483647;
			files = (
				E55A9EA12BCEADFF00C880D6 /* PhotosPickerDemoUITestsLaunchTests.swift in Sources */,
				E594DB5C2C40889F0004E9AF /* AddTestForPlan.swift in Sources */,
				E55A9E9F2BCEADFF00C880D6 /* PhotosPickerDemoUITests.swift in Sources */,
			);
			runOnlyForDeploymentPostprocessing = 0;
		};
/* End PBXSourcesBuildPhase section */

/* Begin PBXTargetDependency section */
		E55A9EA32BCEADFF00C880D6 /* PBXTargetDependency */ = {
			isa = PBXTargetDependency;
			target = D20E9D79281F43B500957AC3 /* PhotosPickerDemo */;
			targetProxy = E55A9EA22BCEADFF00C880D6 /* PBXContainerItemProxy */;
		};
/* End PBXTargetDependency section */

/* Begin XCBuildConfiguration section */
		D20E9D87281F43B600957AC3 /* Debug */ = {
			isa = XCBuildConfiguration;
			baseConfigurationReference = E964DB7DCC0E3B0B56B5DD56 /* SampleCode.xcconfig */;
			buildSettings = {
				ALWAYS_SEARCH_USER_PATHS = NO;
				CLANG_ANALYZER_NONNULL = YES;
				CLANG_ANALYZER_NUMBER_OBJECT_CONVERSION = YES_AGGRESSIVE;
				CLANG_CXX_LANGUAGE_STANDARD = "gnu++17";
				CLANG_ENABLE_MODULES = YES;
				CLANG_ENABLE_OBJC_ARC = YES;
				CLANG_ENABLE_OBJC_WEAK = YES;
				CLANG_WARN_BLOCK_CAPTURE_AUTORELEASING = YES;
				CLANG_WARN_BOOL_CONVERSION = YES;
				CLANG_WARN_COMMA = YES;
				CLANG_WARN_CONSTANT_CONVERSION = YES;
				CLANG_WARN_DEPRECATED_OBJC_IMPLEMENTATIONS = YES;
				CLANG_WARN_DIRECT_OBJC_ISA_USAGE = YES_ERROR;
				CLANG_WARN_DOCUMENTATION_COMMENTS = YES;
				CLANG_WARN_EMPTY_BODY = YES;
				CLANG_WARN_ENUM_CONVERSION = YES;
				CLANG_WARN_INFINITE_RECURSION = YES;
				CLANG_WARN_INT_CONVERSION = YES;
				CLANG_WARN_NON_LITERAL_NULL_CONVERSION = YES;
				CLANG_WARN_OBJC_IMPLICIT_RETAIN_SELF = YES;
				CLANG_WARN_OBJC_LITERAL_CONVERSION = YES;
				CLANG_WARN_OBJC_ROOT_CLASS = YES_ERROR;
				CLANG_WARN_QUOTED_INCLUDE_IN_FRAMEWORK_HEADER = YES;
				CLANG_WARN_RANGE_LOOP_ANALYSIS = YES;
				CLANG_WARN_STRICT_PROTOTYPES = YES;
				CLANG_WARN_SUSPICIOUS_MOVE = YES;
				CLANG_WARN_UNGUARDED_AVAILABILITY = YES_AGGRESSIVE;
				CLANG_WARN_UNREACHABLE_CODE = YES;
				CLANG_WARN__DUPLICATE_METHOD_MATCH = YES;
				COPY_PHASE_STRIP = NO;
				DEBUG_INFORMATION_FORMAT = dwarf;
				ENABLE_STRICT_OBJC_MSGSEND = YES;
				ENABLE_TESTABILITY = YES;
				GCC_C_LANGUAGE_STANDARD = gnu11;
				GCC_DYNAMIC_NO_PIC = NO;
				GCC_NO_COMMON_BLOCKS = YES;
				GCC_OPTIMIZATION_LEVEL = 0;
				GCC_PREPROCESSOR_DEFINITIONS = (
					"DEBUG=1",
					"$(inherited)",
				);
				GCC_WARN_64_TO_32_BIT_CONVERSION = YES;
				GCC_WARN_ABOUT_RETURN_TYPE = YES_ERROR;
				GCC_WARN_UNDECLARED_SELECTOR = YES;
				GCC_WARN_UNINITIALIZED_AUTOS = YES_AGGRESSIVE;
				GCC_WARN_UNUSED_FUNCTION = YES;
				GCC_WARN_UNUSED_VARIABLE = YES;
				MTL_ENABLE_DEBUG_INFO = INCLUDE_SOURCE;
				MTL_FAST_MATH = YES;
				ONLY_ACTIVE_ARCH = YES;
				SWIFT_ACTIVE_COMPILATION_CONDITIONS = DEBUG;
				SWIFT_OPTIMIZATION_LEVEL = "-Onone";
			};
			name = Debug;
		};
		D20E9D88281F43B600957AC3 /* Release */ = {
			isa = XCBuildConfiguration;
			baseConfigurationReference = E964DB7DCC0E3B0B56B5DD56 /* SampleCode.xcconfig */;
			buildSettings = {
				ALWAYS_SEARCH_USER_PATHS = NO;
				CLANG_ANALYZER_NONNULL = YES;
				CLANG_ANALYZER_NUMBER_OBJECT_CONVERSION = YES_AGGRESSIVE;
				CLANG_CXX_LANGUAGE_STANDARD = "gnu++17";
				CLANG_ENABLE_MODULES = YES;
				CLANG_ENABLE_OBJC_ARC = YES;
				CLANG_ENABLE_OBJC_WEAK = YES;
				CLANG_WARN_BLOCK_CAPTURE_AUTORELEASING = YES;
				CLANG_WARN_BOOL_CONVERSION = YES;
				CLANG_WARN_COMMA = YES;
				CLANG_WARN_CONSTANT_CONVERSION = YES;
				CLANG_WARN_DEPRECATED_OBJC_IMPLEMENTATIONS = YES;
				CLANG_WARN_DIRECT_OBJC_ISA_USAGE = YES_ERROR;
				CLANG_WARN_DOCUMENTATION_COMMENTS = YES;
				CLANG_WARN_EMPTY_BODY = YES;
				CLANG_WARN_ENUM_CONVERSION = YES;
				CLANG_WARN_INFINITE_RECURSION = YES;
				CLANG_WARN_INT_CONVERSION = YES;
				CLANG_WARN_NON_LITERAL_NULL_CONVERSION = YES;
				CLANG_WARN_OBJC_IMPLICIT_RETAIN_SELF = YES;
				CLANG_WARN_OBJC_LITERAL_CONVERSION = YES;
				CLANG_WARN_OBJC_ROOT_CLASS = YES_ERROR;
				CLANG_WARN_QUOTED_INCLUDE_IN_FRAMEWORK_HEADER = YES;
				CLANG_WARN_RANGE_LOOP_ANALYSIS = YES;
				CLANG_WARN_STRICT_PROTOTYPES = YES;
				CLANG_WARN_SUSPICIOUS_MOVE = YES;
				CLANG_WARN_UNGUARDED_AVAILABILITY = YES_AGGRESSIVE;
				CLANG_WARN_UNREACHABLE_CODE = YES;
				CLANG_WARN__DUPLICATE_METHOD_MATCH = YES;
				COPY_PHASE_STRIP = NO;
				DEBUG_INFORMATION_FORMAT = "dwarf-with-dsym";
				ENABLE_NS_ASSERTIONS = NO;
				ENABLE_STRICT_OBJC_MSGSEND = YES;
				GCC_C_LANGUAGE_STANDARD = gnu11;
				GCC_NO_COMMON_BLOCKS = YES;
				GCC_WARN_64_TO_32_BIT_CONVERSION = YES;
				GCC_WARN_ABOUT_RETURN_TYPE = YES_ERROR;
				GCC_WARN_UNDECLARED_SELECTOR = YES;
				GCC_WARN_UNINITIALIZED_AUTOS = YES_AGGRESSIVE;
				GCC_WARN_UNUSED_FUNCTION = YES;
				GCC_WARN_UNUSED_VARIABLE = YES;
				MTL_ENABLE_DEBUG_INFO = NO;
				MTL_FAST_MATH = YES;
				SWIFT_COMPILATION_MODE = wholemodule;
				SWIFT_OPTIMIZATION_LEVEL = "-O";
			};
			name = Release;
		};
		D20E9D8A281F43B600957AC3 /* Debug */ = {
			isa = XCBuildConfiguration;
			baseConfigurationReference = E964DB7DCC0E3B0B56B5DD56 /* SampleCode.xcconfig */;
			buildSettings = {
				ALLOW_TARGET_PLATFORM_SPECIALIZATION = YES;
				ASSETCATALOG_COMPILER_APPICON_NAME = AppIcon;
				ASSETCATALOG_COMPILER_GLOBAL_ACCENT_COLOR_NAME = AccentColor;
				CODE_SIGN_ENTITLEMENTS = "PhotosPickerDemo/Supporting Files/PhotosPickerDemo.entitlements";
				CODE_SIGN_IDENTITY = "Apple Development";
				CODE_SIGN_STYLE = Automatic;
				CURRENT_PROJECT_VERSION = 1;
				DEVELOPMENT_TEAM = HDE72H7JV2;
				ENABLE_PREVIEWS = YES;
				GENERATE_INFOPLIST_FILE = YES;
				"INFOPLIST_KEY_UILaunchScreen_Generation[sdk=iphone*]" = YES;
				INFOPLIST_KEY_UISupportedInterfaceOrientations = "UIInterfaceOrientationLandscapeLeft UIInterfaceOrientationLandscapeRight UIInterfaceOrientationPortrait UIInterfaceOrientationPortraitUpsideDown";
				INFOPLIST_KEY_WKCompanionAppBundleIdentifier = com.appledemo.PhotosPickerDemo;
				LD_RUNPATH_SEARCH_PATHS = "@executable_path/Frameworks";
				"LD_RUNPATH_SEARCH_PATHS[sdk=macosx*]" = "@executable_path/../Frameworks";
				MARKETING_VERSION = 1.0;
				PRODUCT_BUNDLE_IDENTIFIER = com.wetransfer.test.PhotosPickerExample;
				"PRODUCT_BUNDLE_IDENTIFIER[sdk=watch*]" = com.appledemo.PhotosPickerExample.Watch;
				PRODUCT_NAME = "$(TARGET_NAME)";
				PROVISIONING_PROFILE_SPECIFIER = "";
				SDKROOT = auto;
				SUPPORTED_PLATFORMS = "iphoneos iphonesimulator macosx watchos watchsimulator";
				SUPPORTS_MACCATALYST = NO;
				SUPPORTS_MAC_DESIGNED_FOR_IPHONE_IPAD = NO;
				SWIFT_EMIT_LOC_STRINGS = YES;
				SWIFT_VERSION = 5.0;
				TARGETED_DEVICE_FAMILY = "1,2,4";
			};
			name = Debug;
		};
		D20E9D8B281F43B600957AC3 /* Release */ = {
			isa = XCBuildConfiguration;
			baseConfigurationReference = E964DB7DCC0E3B0B56B5DD56 /* SampleCode.xcconfig */;
			buildSettings = {
				ALLOW_TARGET_PLATFORM_SPECIALIZATION = YES;
				ASSETCATALOG_COMPILER_APPICON_NAME = AppIcon;
				ASSETCATALOG_COMPILER_GLOBAL_ACCENT_COLOR_NAME = AccentColor;
				CODE_SIGN_ENTITLEMENTS = "PhotosPickerDemo/Supporting Files/PhotosPickerDemo.entitlements";
				CODE_SIGN_IDENTITY = "Apple Development";
				CODE_SIGN_STYLE = Automatic;
				CURRENT_PROJECT_VERSION = 1;
				DEVELOPMENT_TEAM = HDE72H7JV2;
				ENABLE_PREVIEWS = YES;
				GENERATE_INFOPLIST_FILE = YES;
				"INFOPLIST_KEY_UILaunchScreen_Generation[sdk=iphone*]" = YES;
				INFOPLIST_KEY_UISupportedInterfaceOrientations = "UIInterfaceOrientationLandscapeLeft UIInterfaceOrientationLandscapeRight UIInterfaceOrientationPortrait UIInterfaceOrientationPortraitUpsideDown";
				INFOPLIST_KEY_WKCompanionAppBundleIdentifier = com.appledemo.PhotosPickerDemo;
				LD_RUNPATH_SEARCH_PATHS = "@executable_path/Frameworks";
				"LD_RUNPATH_SEARCH_PATHS[sdk=macosx*]" = "@executable_path/../Frameworks";
				MARKETING_VERSION = 1.0;
				PRODUCT_BUNDLE_IDENTIFIER = com.wetransfer.test.PhotosPickerExample;
				"PRODUCT_BUNDLE_IDENTIFIER[sdk=watch*]" = com.appledemo.PhotosPickerExample.Watch;
				PRODUCT_NAME = "$(TARGET_NAME)";
				PROVISIONING_PROFILE_SPECIFIER = "";
				SDKROOT = auto;
				SUPPORTED_PLATFORMS = "iphoneos iphonesimulator macosx watchos watchsimulator";
				SUPPORTS_MACCATALYST = NO;
				SUPPORTS_MAC_DESIGNED_FOR_IPHONE_IPAD = NO;
				SWIFT_EMIT_LOC_STRINGS = YES;
				SWIFT_VERSION = 5.0;
				TARGETED_DEVICE_FAMILY = "1,2,4";
			};
			name = Release;
		};
		E55A9EA42BCEADFF00C880D6 /* Debug */ = {
			isa = XCBuildConfiguration;
			buildSettings = {
				ASSETCATALOG_COMPILER_GENERATE_SWIFT_ASSET_SYMBOL_EXTENSIONS = YES;
				CLANG_CXX_LANGUAGE_STANDARD = "gnu++20";
				CODE_SIGN_STYLE = Automatic;
				CURRENT_PROJECT_VERSION = 1;
				ENABLE_USER_SCRIPT_SANDBOXING = YES;
				GCC_C_LANGUAGE_STANDARD = gnu17;
				GENERATE_INFOPLIST_FILE = YES;
				IPHONEOS_DEPLOYMENT_TARGET = 17.4;
				LOCALIZATION_PREFERS_STRING_CATALOGS = YES;
				MARKETING_VERSION = 1.0;
				PRODUCT_BUNDLE_IDENTIFIER = com.wetransfertestapp.PhotosPickerDemoUITests;
				PRODUCT_NAME = "$(TARGET_NAME)";
				SDKROOT = iphoneos;
				SWIFT_ACTIVE_COMPILATION_CONDITIONS = "DEBUG $(inherited)";
				SWIFT_EMIT_LOC_STRINGS = NO;
				SWIFT_VERSION = 5.0;
				TARGETED_DEVICE_FAMILY = "1,2";
				TEST_TARGET_NAME = PhotosPickerDemo;
			};
			name = Debug;
		};
		E55A9EA52BCEADFF00C880D6 /* Release */ = {
			isa = XCBuildConfiguration;
			buildSettings = {
				ASSETCATALOG_COMPILER_GENERATE_SWIFT_ASSET_SYMBOL_EXTENSIONS = YES;
				CLANG_CXX_LANGUAGE_STANDARD = "gnu++20";
				CODE_SIGN_STYLE = Automatic;
				CURRENT_PROJECT_VERSION = 1;
				ENABLE_USER_SCRIPT_SANDBOXING = YES;
				GCC_C_LANGUAGE_STANDARD = gnu17;
				GENERATE_INFOPLIST_FILE = YES;
				IPHONEOS_DEPLOYMENT_TARGET = 17.4;
				LOCALIZATION_PREFERS_STRING_CATALOGS = YES;
				MARKETING_VERSION = 1.0;
				PRODUCT_BUNDLE_IDENTIFIER = com.wetransfertestapp.PhotosPickerDemoUITests;
				PRODUCT_NAME = "$(TARGET_NAME)";
				SDKROOT = iphoneos;
				SWIFT_EMIT_LOC_STRINGS = NO;
				SWIFT_VERSION = 5.0;
				TARGETED_DEVICE_FAMILY = "1,2";
				TEST_TARGET_NAME = PhotosPickerDemo;
				VALIDATE_PRODUCT = YES;
			};
			name = Release;
		};
/* End XCBuildConfiguration section */

/* Begin XCConfigurationList section */
		D20E9D75281F43B500957AC3 /* Build configuration list for PBXProject "PhotosPickerDemo" */ = {
			isa = XCConfigurationList;
			buildConfigurations = (
				D20E9D87281F43B600957AC3 /* Debug */,
				D20E9D88281F43B600957AC3 /* Release */,
			);
			defaultConfigurationIsVisible = 0;
			defaultConfigurationName = Release;
		};
		D20E9D89281F43B600957AC3 /* Build configuration list for PBXNativeTarget "PhotosPickerDemo" */ = {
			isa = XCConfigurationList;
			buildConfigurations = (
				D20E9D8A281F43B600957AC3 /* Debug */,
				D20E9D8B281F43B600957AC3 /* Release */,
			);
			defaultConfigurationIsVisible = 0;
			defaultConfigurationName = Release;
		};
		E55A9EA62BCEADFF00C880D6 /* Build configuration list for PBXNativeTarget "PhotosPickerDemoUITests" */ = {
			isa = XCConfigurationList;
			buildConfigurations = (
				E55A9EA42BCEADFF00C880D6 /* Debug */,
				E55A9EA52BCEADFF00C880D6 /* Release */,
			);
			defaultConfigurationIsVisible = 0;
			defaultConfigurationName = Release;
		};
/* End XCConfigurationList section */
	};
	rootObject = D20E9D72281F43B500957AC3 /* Project object */;
}
